// !$*UTF8*$!
{
	archiveVersion = 1;
	classes = {
	};
	objectVersion = 46;
	objects = {

/* Begin PBXBuildFile section */
		2FB2F43A1D03CEEB004A2EE1 /* ThreadBinder.h in Headers */ = {isa = PBXBuildFile; fileRef = 2FB2F4391D03CEEB004A2EE1 /* ThreadBinder.h */; };
		2FB2F43C1D03CEEB004A2EE1 /* ThreadBinder.cpp in Sources */ = {isa = PBXBuildFile; fileRef = 2FB2F43B1D03CEEB004A2EE1 /* ThreadBinder.cpp */; };
		2FB2F4481D04476E004A2EE1 /* symbol_resolver.c in Sources */ = {isa = PBXBuildFile; fileRef = 2FB2F4461D04476E004A2EE1 /* symbol_resolver.c */; };
		2FB2F4491D04476E004A2EE1 /* symbol_resolver.h in Headers */ = {isa = PBXBuildFile; fileRef = 2FB2F4471D04476E004A2EE1 /* symbol_resolver.h */; };
		2FB2F44C1D044823004A2EE1 /* symbols_private.c in Sources */ = {isa = PBXBuildFile; fileRef = 2FB2F44A1D044823004A2EE1 /* symbols_private.c */; };
		2FB2F44D1D044823004A2EE1 /* symbols_private.h in Headers */ = {isa = PBXBuildFile; fileRef = 2FB2F44B1D044823004A2EE1 /* symbols_private.h */; };
		2FB2F4561D0458C6004A2EE1 /* main.c in Sources */ = {isa = PBXBuildFile; fileRef = 2FB2F4551D0458C6004A2EE1 /* main.c */; };
		2FB2F45B1D0458E2004A2EE1 /* IOKit.framework in Frameworks */ = {isa = PBXBuildFile; fileRef = 2FB2F45A1D0458E2004A2EE1 /* IOKit.framework */; };
/* End PBXBuildFile section */

/* Begin PBXCopyFilesBuildPhase section */
		2FB2F4511D0458C6004A2EE1 /* CopyFiles */ = {
			isa = PBXCopyFilesBuildPhase;
			buildActionMask = 2147483647;
			dstPath = /usr/share/man/man1/;
			dstSubfolderSpec = 0;
			files = (
			);
			runOnlyForDeploymentPostprocessing = 1;
		};
/* End PBXCopyFilesBuildPhase section */

/* Begin PBXFileReference section */
		2FB2F4341D03CEEB004A2EE1 /* ThreadBinder.kext */ = {isa = PBXFileReference; explicitFileType = wrapper.cfbundle; includeInIndex = 0; path = ThreadBinder.kext; sourceTree = BUILT_PRODUCTS_DIR; };
		2FB2F4381D03CEEB004A2EE1 /* Info.plist */ = {isa = PBXFileReference; lastKnownFileType = text.plist.xml; path = Info.plist; sourceTree = "<group>"; };
		2FB2F4391D03CEEB004A2EE1 /* ThreadBinder.h */ = {isa = PBXFileReference; lastKnownFileType = sourcecode.c.h; path = ThreadBinder.h; sourceTree = "<group>"; };
		2FB2F43B1D03CEEB004A2EE1 /* ThreadBinder.cpp */ = {isa = PBXFileReference; lastKnownFileType = sourcecode.cpp.cpp; path = ThreadBinder.cpp; sourceTree = "<group>"; };
		2FB2F4461D04476E004A2EE1 /* symbol_resolver.c */ = {isa = PBXFileReference; fileEncoding = 4; lastKnownFileType = sourcecode.c.c; path = symbol_resolver.c; sourceTree = "<group>"; };
		2FB2F4471D04476E004A2EE1 /* symbol_resolver.h */ = {isa = PBXFileReference; fileEncoding = 4; lastKnownFileType = sourcecode.c.h; path = symbol_resolver.h; sourceTree = "<group>"; };
		2FB2F44A1D044823004A2EE1 /* symbols_private.c */ = {isa = PBXFileReference; fileEncoding = 4; lastKnownFileType = sourcecode.c.c; path = symbols_private.c; sourceTree = "<group>"; };
		2FB2F44B1D044823004A2EE1 /* symbols_private.h */ = {isa = PBXFileReference; fileEncoding = 4; lastKnownFileType = sourcecode.c.h; path = symbols_private.h; sourceTree = "<group>"; };
		2FB2F44E1D04498D004A2EE1 /* util.h */ = {isa = PBXFileReference; lastKnownFileType = sourcecode.c.h; path = util.h; sourceTree = "<group>"; };
		2FB2F4531D0458C6004A2EE1 /* ThreadBinderTest */ = {isa = PBXFileReference; explicitFileType = "compiled.mach-o.executable"; includeInIndex = 0; path = ThreadBinderTest; sourceTree = BUILT_PRODUCTS_DIR; };
		2FB2F4551D0458C6004A2EE1 /* main.c */ = {isa = PBXFileReference; lastKnownFileType = sourcecode.c.c; path = main.c; sourceTree = "<group>"; };
		2FB2F45A1D0458E2004A2EE1 /* IOKit.framework */ = {isa = PBXFileReference; lastKnownFileType = wrapper.framework; name = IOKit.framework; path = System/Library/Frameworks/IOKit.framework; sourceTree = SDKROOT; };
		2FB2F45C1D045E9B004A2EE1 /* symbols.h */ = {isa = PBXFileReference; lastKnownFileType = sourcecode.c.h; path = symbols.h; sourceTree = "<group>"; };
/* End PBXFileReference section */

/* Begin PBXFrameworksBuildPhase section */
		2FB2F4301D03CEEB004A2EE1 /* Frameworks */ = {
			isa = PBXFrameworksBuildPhase;
			buildActionMask = 2147483647;
			files = (
			);
			runOnlyForDeploymentPostprocessing = 0;
		};
		2FB2F4501D0458C6004A2EE1 /* Frameworks */ = {
			isa = PBXFrameworksBuildPhase;
			buildActionMask = 2147483647;
			files = (
				2FB2F45B1D0458E2004A2EE1 /* IOKit.framework in Frameworks */,
			);
			runOnlyForDeploymentPostprocessing = 0;
		};
/* End PBXFrameworksBuildPhase section */

/* Begin PBXGroup section */
		2FB2F42A1D03CEEB004A2EE1 = {
			isa = PBXGroup;
			children = (
				2FB2F45A1D0458E2004A2EE1 /* IOKit.framework */,
				2FB2F4361D03CEEB004A2EE1 /* ThreadBinder */,
				2FB2F4541D0458C6004A2EE1 /* ThreadBinderTest */,
				2FB2F4351D03CEEB004A2EE1 /* Products */,
			);
			sourceTree = "<group>";
		};
		2FB2F4351D03CEEB004A2EE1 /* Products */ = {
			isa = PBXGroup;
			children = (
				2FB2F4341D03CEEB004A2EE1 /* ThreadBinder.kext */,
				2FB2F4531D0458C6004A2EE1 /* ThreadBinderTest */,
			);
			name = Products;
			sourceTree = "<group>";
		};
		2FB2F4361D03CEEB004A2EE1 /* ThreadBinder */ = {
			isa = PBXGroup;
			children = (
				2FB2F4391D03CEEB004A2EE1 /* ThreadBinder.h */,
				2FB2F43B1D03CEEB004A2EE1 /* ThreadBinder.cpp */,
				2FB2F4471D04476E004A2EE1 /* symbol_resolver.h */,
				2FB2F4461D04476E004A2EE1 /* symbol_resolver.c */,
				2FB2F45C1D045E9B004A2EE1 /* symbols.h */,
				2FB2F44B1D044823004A2EE1 /* symbols_private.h */,
				2FB2F44A1D044823004A2EE1 /* symbols_private.c */,
				2FB2F44E1D04498D004A2EE1 /* util.h */,
				2FB2F4371D03CEEB004A2EE1 /* Supporting Files */,
			);
			path = ThreadBinder;
			sourceTree = "<group>";
		};
		2FB2F4371D03CEEB004A2EE1 /* Supporting Files */ = {
			isa = PBXGroup;
			children = (
				2FB2F4381D03CEEB004A2EE1 /* Info.plist */,
			);
			name = "Supporting Files";
			sourceTree = "<group>";
		};
		2FB2F4541D0458C6004A2EE1 /* ThreadBinderTest */ = {
			isa = PBXGroup;
			children = (
				2FB2F4551D0458C6004A2EE1 /* main.c */,
			);
			path = ThreadBinderTest;
			sourceTree = "<group>";
		};
/* End PBXGroup section */

/* Begin PBXHeadersBuildPhase section */
		2FB2F4311D03CEEB004A2EE1 /* Headers */ = {
			isa = PBXHeadersBuildPhase;
			buildActionMask = 2147483647;
			files = (
				2FB2F4491D04476E004A2EE1 /* symbol_resolver.h in Headers */,
				2FB2F43A1D03CEEB004A2EE1 /* ThreadBinder.h in Headers */,
				2FB2F44D1D044823004A2EE1 /* symbols_private.h in Headers */,
			);
			runOnlyForDeploymentPostprocessing = 0;
		};
/* End PBXHeadersBuildPhase section */

/* Begin PBXNativeTarget section */
		2FB2F4331D03CEEB004A2EE1 /* ThreadBinder */ = {
			isa = PBXNativeTarget;
			buildConfigurationList = 2FB2F43F1D03CEEB004A2EE1 /* Build configuration list for PBXNativeTarget "ThreadBinder" */;
			buildPhases = (
				2FB2F42F1D03CEEB004A2EE1 /* Sources */,
				2FB2F4301D03CEEB004A2EE1 /* Frameworks */,
				2FB2F4311D03CEEB004A2EE1 /* Headers */,
				2FB2F4321D03CEEB004A2EE1 /* Resources */,
			);
			buildRules = (
			);
			dependencies = (
			);
			name = ThreadBinder;
			productName = ThreadBinder;
			productReference = 2FB2F4341D03CEEB004A2EE1 /* ThreadBinder.kext */;
			productType = "com.apple.product-type.kernel-extension";
		};
		2FB2F4521D0458C6004A2EE1 /* ThreadBinderTest */ = {
			isa = PBXNativeTarget;
			buildConfigurationList = 2FB2F4571D0458C6004A2EE1 /* Build configuration list for PBXNativeTarget "ThreadBinderTest" */;
			buildPhases = (
				2FB2F44F1D0458C6004A2EE1 /* Sources */,
				2FB2F4501D0458C6004A2EE1 /* Frameworks */,
				2FB2F4511D0458C6004A2EE1 /* CopyFiles */,
			);
			buildRules = (
			);
			dependencies = (
			);
			name = ThreadBinderTest;
			productName = ThreadBinderTest;
			productReference = 2FB2F4531D0458C6004A2EE1 /* ThreadBinderTest */;
			productType = "com.apple.product-type.tool";
		};
/* End PBXNativeTarget section */

/* Begin PBXProject section */
		2FB2F42B1D03CEEB004A2EE1 /* Project object */ = {
			isa = PBXProject;
			attributes = {
				LastUpgradeCheck = 0620;
				ORGANIZATIONNAME = Pb;
				TargetAttributes = {
					2FB2F4331D03CEEB004A2EE1 = {
						CreatedOnToolsVersion = 6.2;
					};
					2FB2F4521D0458C6004A2EE1 = {
						CreatedOnToolsVersion = 6.2;
					};
				};
			};
			buildConfigurationList = 2FB2F42E1D03CEEB004A2EE1 /* Build configuration list for PBXProject "ThreadBinder" */;
			compatibilityVersion = "Xcode 3.2";
			developmentRegion = English;
			hasScannedForEncodings = 0;
			knownRegions = (
				en,
			);
			mainGroup = 2FB2F42A1D03CEEB004A2EE1;
			productRefGroup = 2FB2F4351D03CEEB004A2EE1 /* Products */;
			projectDirPath = "";
			projectRoot = "";
			targets = (
				2FB2F4331D03CEEB004A2EE1 /* ThreadBinder */,
				2FB2F4521D0458C6004A2EE1 /* ThreadBinderTest */,
			);
		};
/* End PBXProject section */

/* Begin PBXResourcesBuildPhase section */
		2FB2F4321D03CEEB004A2EE1 /* Resources */ = {
			isa = PBXResourcesBuildPhase;
			buildActionMask = 2147483647;
			files = (
			);
			runOnlyForDeploymentPostprocessing = 0;
		};
/* End PBXResourcesBuildPhase section */

/* Begin PBXSourcesBuildPhase section */
		2FB2F42F1D03CEEB004A2EE1 /* Sources */ = {
			isa = PBXSourcesBuildPhase;
			buildActionMask = 2147483647;
			files = (
				2FB2F43C1D03CEEB004A2EE1 /* ThreadBinder.cpp in Sources */,
				2FB2F4481D04476E004A2EE1 /* symbol_resolver.c in Sources */,
				2FB2F44C1D044823004A2EE1 /* symbols_private.c in Sources */,
			);
			runOnlyForDeploymentPostprocessing = 0;
		};
		2FB2F44F1D0458C6004A2EE1 /* Sources */ = {
			isa = PBXSourcesBuildPhase;
			buildActionMask = 2147483647;
			files = (
				2FB2F4561D0458C6004A2EE1 /* main.c in Sources */,
			);
			runOnlyForDeploymentPostprocessing = 0;
		};
/* End PBXSourcesBuildPhase section */

/* Begin XCBuildConfiguration section */
		2FB2F43D1D03CEEB004A2EE1 /* Debug */ = {
			isa = XCBuildConfiguration;
			buildSettings = {
				ALWAYS_SEARCH_USER_PATHS = NO;
				CLANG_CXX_LANGUAGE_STANDARD = "gnu++0x";
				CLANG_CXX_LIBRARY = "libc++";
				CLANG_ENABLE_MODULES = YES;
				CLANG_ENABLE_OBJC_ARC = YES;
				CLANG_WARN_BOOL_CONVERSION = YES;
				CLANG_WARN_CONSTANT_CONVERSION = YES;
				CLANG_WARN_DIRECT_OBJC_ISA_USAGE = YES_ERROR;
				CLANG_WARN_EMPTY_BODY = YES;
				CLANG_WARN_ENUM_CONVERSION = YES;
				CLANG_WARN_INT_CONVERSION = YES;
				CLANG_WARN_OBJC_ROOT_CLASS = YES_ERROR;
				CLANG_WARN_UNREACHABLE_CODE = YES;
				CLANG_WARN__DUPLICATE_METHOD_MATCH = YES;
				COPY_PHASE_STRIP = NO;
				ENABLE_STRICT_OBJC_MSGSEND = YES;
				GCC_C_LANGUAGE_STANDARD = gnu99;
				GCC_DYNAMIC_NO_PIC = NO;
				GCC_OPTIMIZATION_LEVEL = 0;
				GCC_PREPROCESSOR_DEFINITIONS = (
					"DEBUG=1",
					"$(inherited)",
				);
				GCC_SYMBOLS_PRIVATE_EXTERN = NO;
				GCC_WARN_64_TO_32_BIT_CONVERSION = YES;
				GCC_WARN_ABOUT_RETURN_TYPE = YES_ERROR;
				GCC_WARN_UNDECLARED_SELECTOR = YES;
				GCC_WARN_UNINITIALIZED_AUTOS = YES_AGGRESSIVE;
				GCC_WARN_UNUSED_FUNCTION = YES;
				GCC_WARN_UNUSED_VARIABLE = YES;
				MACOSX_DEPLOYMENT_TARGET = 10.9;
				MTL_ENABLE_DEBUG_INFO = YES;
				ONLY_ACTIVE_ARCH = YES;
				SDKROOT = macosx;
			};
			name = Debug;
		};
		2FB2F43E1D03CEEB004A2EE1 /* Release */ = {
			isa = XCBuildConfiguration;
			buildSettings = {
				ALWAYS_SEARCH_USER_PATHS = NO;
				CLANG_CXX_LANGUAGE_STANDARD = "gnu++0x";
				CLANG_CXX_LIBRARY = "libc++";
				CLANG_ENABLE_MODULES = YES;
				CLANG_ENABLE_OBJC_ARC = YES;
				CLANG_WARN_BOOL_CONVERSION = YES;
				CLANG_WARN_CONSTANT_CONVERSION = YES;
				CLANG_WARN_DIRECT_OBJC_ISA_USAGE = YES_ERROR;
				CLANG_WARN_EMPTY_BODY = YES;
				CLANG_WARN_ENUM_CONVERSION = YES;
				CLANG_WARN_INT_CONVERSION = YES;
				CLANG_WARN_OBJC_ROOT_CLASS = YES_ERROR;
				CLANG_WARN_UNREACHABLE_CODE = YES;
				CLANG_WARN__DUPLICATE_METHOD_MATCH = YES;
				COPY_PHASE_STRIP = NO;
				DEBUG_INFORMATION_FORMAT = "dwarf-with-dsym";
				ENABLE_NS_ASSERTIONS = NO;
				ENABLE_STRICT_OBJC_MSGSEND = YES;
				GCC_C_LANGUAGE_STANDARD = gnu99;
				GCC_WARN_64_TO_32_BIT_CONVERSION = YES;
				GCC_WARN_ABOUT_RETURN_TYPE = YES_ERROR;
				GCC_WARN_UNDECLARED_SELECTOR = YES;
				GCC_WARN_UNINITIALIZED_AUTOS = YES_AGGRESSIVE;
				GCC_WARN_UNUSED_FUNCTION = YES;
				GCC_WARN_UNUSED_VARIABLE = YES;
				MACOSX_DEPLOYMENT_TARGET = 10.9;
				MTL_ENABLE_DEBUG_INFO = NO;
				SDKROOT = macosx;
			};
			name = Release;
		};
		2FB2F4401D03CEEB004A2EE1 /* Debug */ = {
			isa = XCBuildConfiguration;
			buildSettings = {
				COMBINE_HIDPI_IMAGES = YES;
				CURRENT_PROJECT_VERSION = 1.0.0d1;
				DEBUG_INFORMATION_FORMAT = "dwarf-with-dsym";
				INFOPLIST_FILE = ThreadBinder/Info.plist;
				MODULE_NAME = com.Pb.ThreadBinder;
				MODULE_VERSION = 1.0.0d1;
				PRODUCT_NAME = "$(TARGET_NAME)";
				WRAPPER_EXTENSION = kext;
			};
			name = Debug;
		};
		2FB2F4411D03CEEB004A2EE1 /* Release */ = {
			isa = XCBuildConfiguration;
			buildSettings = {
				COMBINE_HIDPI_IMAGES = YES;
				CURRENT_PROJECT_VERSION = 1.0.0d1;
				INFOPLIST_FILE = ThreadBinder/Info.plist;
				MODULE_NAME = com.Pb.ThreadBinder;
				MODULE_VERSION = 1.0.0d1;
				PRODUCT_NAME = "$(TARGET_NAME)";
				WRAPPER_EXTENSION = kext;
			};
			name = Release;
		};
		2FB2F4581D0458C6004A2EE1 /* Debug */ = {
			isa = XCBuildConfiguration;
			buildSettings = {
				DEBUG_INFORMATION_FORMAT = "dwarf-with-dsym";
				GCC_PREPROCESSOR_DEFINITIONS = (
					"DEBUG=1",
					"$(inherited)",
				);
				PRODUCT_NAME = "$(TARGET_NAME)";
			};
			name = Debug;
		};
		2FB2F4591D0458C6004A2EE1 /* Release */ = {
			isa = XCBuildConfiguration;
			buildSettings = {
				PRODUCT_NAME = "$(TARGET_NAME)";
			};
			name = Release;
		};
/* End XCBuildConfiguration section */

/* Begin XCConfigurationList section */
		2FB2F42E1D03CEEB004A2EE1 /* Build configuration list for PBXProject "ThreadBinder" */ = {
			isa = XCConfigurationList;
			buildConfigurations = (
				2FB2F43D1D03CEEB004A2EE1 /* Debug */,
				2FB2F43E1D03CEEB004A2EE1 /* Release */,
			);
			defaultConfigurationIsVisible = 0;
			defaultConfigurationName = Release;
		};
		2FB2F43F1D03CEEB004A2EE1 /* Build configuration list for PBXNativeTarget "ThreadBinder" */ = {
			isa = XCConfigurationList;
			buildConfigurations = (
				2FB2F4401D03CEEB004A2EE1 /* Debug */,
				2FB2F4411D03CEEB004A2EE1 /* Release */,
			);
			defaultConfigurationIsVisible = 0;
			defaultConfigurationName = Release;
		};
		2FB2F4571D0458C6004A2EE1 /* Build configuration list for PBXNativeTarget "ThreadBinderTest" */ = {
			isa = XCConfigurationList;
			buildConfigurations = (
				2FB2F4581D0458C6004A2EE1 /* Debug */,
				2FB2F4591D0458C6004A2EE1 /* Release */,
			);
			defaultConfigurationIsVisible = 0;
			defaultConfigurationName = Release;
		};
/* End XCConfigurationList section */
	};
	rootObject = 2FB2F42B1D03CEEB004A2EE1 /* Project object */;
}
